
Microsoft Visual Studio Solution File, Format Version 12.00
# Visual Studio 14
VisualStudioVersion = 14.0.25420.1
MinimumVisualStudioVersion = 10.0.40219.1
Project("{FAE04EC0-301F-11D3-BF4B-00C04F79EFBC}") = "Test_22_of_Nov", "test\Test_22_of_Nov.csproj", "{6E73E26C-F2FB-4406-BABE-51E5D1991583}"
EndProject
Global
	GlobalSection(SolutionConfigurationPlatforms) = preSolution
		Debug|Any CPU = Debug|Any CPU
		Release|Any CPU = Release|Any CPU
	EndGlobalSection
	GlobalSection(ProjectConfigurationPlatforms) = postSolution
		{6E73E26C-F2FB-4406-BABE-51E5D1991583}.Debug|Any CPU.ActiveCfg = Debug|Any CPU
		{6E73E26C-F2FB-4406-BABE-51E5D1991583}.Debug|Any CPU.Build.0 = Debug|Any CPU
		{6E73E26C-F2FB-4406-BABE-51E5D1991583}.Release|Any CPU.ActiveCfg = Release|Any CPU
		{6E73E26C-F2FB-4406-BABE-51E5D1991583}.Release|Any CPU.Build.0 = Release|Any CPU
	EndGlobalSection
	GlobalSection(SolutionProperties) = preSolution
		HideSolutionNode = FALSE
	EndGlobalSection
EndGlobal
